
Microsoft Visual Studio Solution File, Format Version 12.00
# Visual Studio Version 17
VisualStudioVersion = 17.6.33723.286
MinimumVisualStudioVersion = 10.0.40219.1
Project("{FAE04EC0-301F-11D3-BF4B-00C04F79EFBC}") = "WebView", "WebView\WebView.csproj", "{8DE5938E-EE7D-4F4E-870C-804B46547A75}"
EndProject
Project("{2150E333-8FDC-42A3-9474-1A3956D46DE8}") = "方案項目", "方案項目", "{5B82ED73-CD67-424D-92A1-611D54189A9E}"
	ProjectSection(SolutionItems) = preProject
		.gitignore = .gitignore
		README.MD = README.MD
	EndProjectSection
EndProject
Global
	GlobalSection(SolutionConfigurationPlatforms) = preSolution
		Debug|Any CPU = Debug|Any CPU
		Release|Any CPU = Release|Any CPU
	EndGlobalSection
	GlobalSection(ProjectConfigurationPlatforms) = postSolution
		{8DE5938E-EE7D-4F4E-870C-804B46547A75}.Debug|Any CPU.ActiveCfg = Debug|Any CPU
		{8DE5938E-EE7D-4F4E-870C-804B46547A75}.Debug|Any CPU.Build.0 = Debug|Any CPU
		{8DE5938E-EE7D-4F4E-870C-804B46547A75}.Release|Any CPU.ActiveCfg = Release|Any CPU
		{8DE5938E-EE7D-4F4E-870C-804B46547A75}.Release|Any CPU.Build.0 = Release|Any CPU
	EndGlobalSection
	GlobalSection(SolutionProperties) = preSolution
		HideSolutionNode = FALSE
	EndGlobalSection
	GlobalSection(ExtensibilityGlobals) = postSolution
		SolutionGuid = {B4E9414F-33E5-470F-A5B8-17085ADD1957}
	EndGlobalSection
EndGlobal
